
Microsoft Visual Studio Solution File, Format Version 12.00
# Visual Studio 15
VisualStudioVersion = 15.0.28307.779
MinimumVisualStudioVersion = 10.0.40219.1
Project("{FAE04EC0-301F-11D3-BF4B-00C04F79EFBC}") = "Adamson", "Adamson\Adamson.csproj", "{4840F288-C24D-48F2-AA2B-5357D221B608}"
EndProject
Global
	GlobalSection(SolutionConfigurationPlatforms) = preSolution
		Debug|Any CPU = Debug|Any CPU
		Release|Any CPU = Release|Any CPU
	EndGlobalSection
	GlobalSection(ProjectConfigurationPlatforms) = postSolution
		{4840F288-C24D-48F2-AA2B-5357D221B608}.Debug|Any CPU.ActiveCfg = Debug|Any CPU
		{4840F288-C24D-48F2-AA2B-5357D221B608}.Debug|Any CPU.Build.0 = Debug|Any CPU
		{4840F288-C24D-48F2-AA2B-5357D221B608}.Release|Any CPU.ActiveCfg = Release|Any CPU
		{4840F288-C24D-48F2-AA2B-5357D221B608}.Release|Any CPU.Build.0 = Release|Any CPU
	EndGlobalSection
	GlobalSection(SolutionProperties) = preSolution
		HideSolutionNode = FALSE
	EndGlobalSection
	GlobalSection(ExtensibilityGlobals) = postSolution
		SolutionGuid = {350C3B72-31AE-4713-A973-E0CA0377E652}
	EndGlobalSection
EndGlobal
